// !$*UTF8*$!
{
	archiveVersion = 1;
	classes = {
	};
	objectVersion = 56;
	objects = {

/* Begin PBXBuildFile section */
		23157BE02A5CC7DB00BA9C0F /* tiktaktoeApp.swift in Sources */ = {isa = PBXBuildFile; fileRef = 23157BDF2A5CC7DB00BA9C0F /* tiktaktoeApp.swift */; };
		23157BE22A5CC7DB00BA9C0F /* JuegoView.swift in Sources */ = {isa = PBXBuildFile; fileRef = 23157BE12A5CC7DB00BA9C0F /* JuegoView.swift */; };
		23157BE42A5CC7DD00BA9C0F /* Assets.xcassets in Resources */ = {isa = PBXBuildFile; fileRef = 23157BE32A5CC7DD00BA9C0F /* Assets.xcassets */; };
		23157BE72A5CC7DD00BA9C0F /* Preview Assets.xcassets in Resources */ = {isa = PBXBuildFile; fileRef = 23157BE62A5CC7DD00BA9C0F /* Preview Assets.xcassets */; };
		23157BF12A5CC7DE00BA9C0F /* tiktaktoeTests.swift in Sources */ = {isa = PBXBuildFile; fileRef = 23157BF02A5CC7DE00BA9C0F /* tiktaktoeTests.swift */; };
		23157BFB2A5CC7DE00BA9C0F /* tiktaktoeUITests.swift in Sources */ = {isa = PBXBuildFile; fileRef = 23157BFA2A5CC7DE00BA9C0F /* tiktaktoeUITests.swift */; };
		23157BFD2A5CC7DE00BA9C0F /* tiktaktoeUITestsLaunchTests.swift in Sources */ = {isa = PBXBuildFile; fileRef = 23157BFC2A5CC7DE00BA9C0F /* tiktaktoeUITestsLaunchTests.swift */; };
		23157C0C2A5CCD3D00BA9C0F /* Launch Screen.storyboard in Resources */ = {isa = PBXBuildFile; fileRef = 23157C0B2A5CCD3D00BA9C0F /* Launch Screen.storyboard */; };
		23157C0F2A5CD19A00BA9C0F /* GameModel.swift in Sources */ = {isa = PBXBuildFile; fileRef = 23157C0E2A5CD19A00BA9C0F /* GameModel.swift */; };
		23157C142A5CDDAF00BA9C0F /* GamePantalla.swift in Sources */ = {isa = PBXBuildFile; fileRef = 23157C132A5CDDAF00BA9C0F /* GamePantalla.swift */; };
		23157C162A5D0CE000BA9C0F /* GameService.swift in Sources */ = {isa = PBXBuildFile; fileRef = 23157C152A5D0CE000BA9C0F /* GameService.swift */; };
		23157C182A5E1A4300BA9C0F /* GameSquare.swift in Sources */ = {isa = PBXBuildFile; fileRef = 23157C172A5E1A4300BA9C0F /* GameSquare.swift */; };
		23157C1A2A5E1D2000BA9C0F /* SquareView.swift in Sources */ = {isa = PBXBuildFile; fileRef = 23157C192A5E1D2000BA9C0F /* SquareView.swift */; };
/* End PBXBuildFile section */

/* Begin PBXContainerItemProxy section */
		23157BED2A5CC7DE00BA9C0F /* PBXContainerItemProxy */ = {
			isa = PBXContainerItemProxy;
			containerPortal = 23157BD42A5CC7DB00BA9C0F /* Project object */;
			proxyType = 1;
			remoteGlobalIDString = 23157BDB2A5CC7DB00BA9C0F;
			remoteInfo = tiktaktoe;
		};
		23157BF72A5CC7DE00BA9C0F /* PBXContainerItemProxy */ = {
			isa = PBXContainerItemProxy;
			containerPortal = 23157BD42A5CC7DB00BA9C0F /* Project object */;
			proxyType = 1;
			remoteGlobalIDString = 23157BDB2A5CC7DB00BA9C0F;
			remoteInfo = tiktaktoe;
		};
/* End PBXContainerItemProxy section */

/* Begin PBXFileReference section */
		23157BDC2A5CC7DB00BA9C0F /* tiktaktoe.app */ = {isa = PBXFileReference; explicitFileType = wrapper.application; includeInIndex = 0; path = tiktaktoe.app; sourceTree = BUILT_PRODUCTS_DIR; };
		23157BDF2A5CC7DB00BA9C0F /* tiktaktoeApp.swift */ = {isa = PBXFileReference; lastKnownFileType = sourcecode.swift; path = tiktaktoeApp.swift; sourceTree = "<group>"; };
		23157BE12A5CC7DB00BA9C0F /* JuegoView.swift */ = {isa = PBXFileReference; lastKnownFileType = sourcecode.swift; path = JuegoView.swift; sourceTree = "<group>"; };
		23157BE32A5CC7DD00BA9C0F /* Assets.xcassets */ = {isa = PBXFileReference; lastKnownFileType = folder.assetcatalog; path = Assets.xcassets; sourceTree = "<group>"; };
		23157BE62A5CC7DD00BA9C0F /* Preview Assets.xcassets */ = {isa = PBXFileReference; lastKnownFileType = folder.assetcatalog; path = "Preview Assets.xcassets"; sourceTree = "<group>"; };
		23157BEC2A5CC7DE00BA9C0F /* tiktaktoeTests.xctest */ = {isa = PBXFileReference; explicitFileType = wrapper.cfbundle; includeInIndex = 0; path = tiktaktoeTests.xctest; sourceTree = BUILT_PRODUCTS_DIR; };
		23157BF02A5CC7DE00BA9C0F /* tiktaktoeTests.swift */ = {isa = PBXFileReference; lastKnownFileType = sourcecode.swift; path = tiktaktoeTests.swift; sourceTree = "<group>"; };
		23157BF62A5CC7DE00BA9C0F /* tiktaktoeUITests.xctest */ = {isa = PBXFileReference; explicitFileType = wrapper.cfbundle; includeInIndex = 0; path = tiktaktoeUITests.xctest; sourceTree = BUILT_PRODUCTS_DIR; };
		23157BFA2A5CC7DE00BA9C0F /* tiktaktoeUITests.swift */ = {isa = PBXFileReference; lastKnownFileType = sourcecode.swift; path = tiktaktoeUITests.swift; sourceTree = "<group>"; };
		23157BFC2A5CC7DE00BA9C0F /* tiktaktoeUITestsLaunchTests.swift */ = {isa = PBXFileReference; lastKnownFileType = sourcecode.swift; path = tiktaktoeUITestsLaunchTests.swift; sourceTree = "<group>"; };
		23157C0B2A5CCD3D00BA9C0F /* Launch Screen.storyboard */ = {isa = PBXFileReference; lastKnownFileType = file.storyboard; path = "Launch Screen.storyboard"; sourceTree = "<group>"; };
		23157C0E2A5CD19A00BA9C0F /* GameModel.swift */ = {isa = PBXFileReference; lastKnownFileType = sourcecode.swift; path = GameModel.swift; sourceTree = "<group>"; };
		23157C132A5CDDAF00BA9C0F /* GamePantalla.swift */ = {isa = PBXFileReference; lastKnownFileType = sourcecode.swift; path = GamePantalla.swift; sourceTree = "<group>"; };
		23157C152A5D0CE000BA9C0F /* GameService.swift */ = {isa = PBXFileReference; lastKnownFileType = sourcecode.swift; path = GameService.swift; sourceTree = "<group>"; };
		23157C172A5E1A4300BA9C0F /* GameSquare.swift */ = {isa = PBXFileReference; lastKnownFileType = sourcecode.swift; path = GameSquare.swift; sourceTree = "<group>"; };
		23157C192A5E1D2000BA9C0F /* SquareView.swift */ = {isa = PBXFileReference; lastKnownFileType = sourcecode.swift; path = SquareView.swift; sourceTree = "<group>"; };
/* End PBXFileReference section */

/* Begin PBXFrameworksBuildPhase section */
		23157BD92A5CC7DB00BA9C0F /* Frameworks */ = {
			isa = PBXFrameworksBuildPhase;
			buildActionMask = 2147483647;
			files = (
			);
			runOnlyForDeploymentPostprocessing = 0;
		};
		23157BE92A5CC7DE00BA9C0F /* Frameworks */ = {
			isa = PBXFrameworksBuildPhase;
			buildActionMask = 2147483647;
			files = (
			);
			runOnlyForDeploymentPostprocessing = 0;
		};
		23157BF32A5CC7DE00BA9C0F /* Frameworks */ = {
			isa = PBXFrameworksBuildPhase;
			buildActionMask = 2147483647;
			files = (
			);
			runOnlyForDeploymentPostprocessing = 0;
		};
/* End PBXFrameworksBuildPhase section */

/* Begin PBXGroup section */
		23157BD32A5CC7DB00BA9C0F = {
			isa = PBXGroup;
			children = (
				23157BDE2A5CC7DB00BA9C0F /* tiktaktoe */,
				23157BEF2A5CC7DE00BA9C0F /* tiktaktoeTests */,
				23157BF92A5CC7DE00BA9C0F /* tiktaktoeUITests */,
				23157BDD2A5CC7DB00BA9C0F /* Products */,
			);
			sourceTree = "<group>";
		};
		23157BDD2A5CC7DB00BA9C0F /* Products */ = {
			isa = PBXGroup;
			children = (
				23157BDC2A5CC7DB00BA9C0F /* tiktaktoe.app */,
				23157BEC2A5CC7DE00BA9C0F /* tiktaktoeTests.xctest */,
				23157BF62A5CC7DE00BA9C0F /* tiktaktoeUITests.xctest */,
			);
			name = Products;
			sourceTree = "<group>";
		};
		23157BDE2A5CC7DB00BA9C0F /* tiktaktoe */ = {
			isa = PBXGroup;
			children = (
				23157BDF2A5CC7DB00BA9C0F /* tiktaktoeApp.swift */,
				23157BE12A5CC7DB00BA9C0F /* JuegoView.swift */,
				23157C102A5CDD2E00BA9C0F /* GamePantalla */,
				23157C0D2A5CD13B00BA9C0F /* Models */,
				23157BE32A5CC7DD00BA9C0F /* Assets.xcassets */,
				23157C0B2A5CCD3D00BA9C0F /* Launch Screen.storyboard */,
				23157BE52A5CC7DD00BA9C0F /* Preview Content */,
			);
			path = tiktaktoe;
			sourceTree = "<group>";
		};
		23157BE52A5CC7DD00BA9C0F /* Preview Content */ = {
			isa = PBXGroup;
			children = (
				23157BE62A5CC7DD00BA9C0F /* Preview Assets.xcassets */,
			);
			path = "Preview Content";
			sourceTree = "<group>";
		};
		23157BEF2A5CC7DE00BA9C0F /* tiktaktoeTests */ = {
			isa = PBXGroup;
			children = (
				23157BF02A5CC7DE00BA9C0F /* tiktaktoeTests.swift */,
			);
			path = tiktaktoeTests;
			sourceTree = "<group>";
		};
		23157BF92A5CC7DE00BA9C0F /* tiktaktoeUITests */ = {
			isa = PBXGroup;
			children = (
				23157BFA2A5CC7DE00BA9C0F /* tiktaktoeUITests.swift */,
				23157BFC2A5CC7DE00BA9C0F /* tiktaktoeUITestsLaunchTests.swift */,
			);
			path = tiktaktoeUITests;
			sourceTree = "<group>";
		};
		23157C0D2A5CD13B00BA9C0F /* Models */ = {
			isa = PBXGroup;
			children = (
				23157C0E2A5CD19A00BA9C0F /* GameModel.swift */,
			);
			path = Models;
			sourceTree = "<group>";
		};
		23157C102A5CDD2E00BA9C0F /* GamePantalla */ = {
			isa = PBXGroup;
			children = (
				23157C132A5CDDAF00BA9C0F /* GamePantalla.swift */,
				23157C152A5D0CE000BA9C0F /* GameService.swift */,
				23157C172A5E1A4300BA9C0F /* GameSquare.swift */,
				23157C192A5E1D2000BA9C0F /* SquareView.swift */,
			);
			path = GamePantalla;
			sourceTree = "<group>";
		};
/* End PBXGroup section */

/* Begin PBXNativeTarget section */
		23157BDB2A5CC7DB00BA9C0F /* tiktaktoe */ = {
			isa = PBXNativeTarget;
			buildConfigurationList = 23157C002A5CC7DE00BA9C0F /* Build configuration list for PBXNativeTarget "tiktaktoe" */;
			buildPhases = (
				23157BD82A5CC7DB00BA9C0F /* Sources */,
				23157BD92A5CC7DB00BA9C0F /* Frameworks */,
				23157BDA2A5CC7DB00BA9C0F /* Resources */,
			);
			buildRules = (
			);
			dependencies = (
			);
			name = tiktaktoe;
			productName = tiktaktoe;
			productReference = 23157BDC2A5CC7DB00BA9C0F /* tiktaktoe.app */;
			productType = "com.apple.product-type.application";
		};
		23157BEB2A5CC7DE00BA9C0F /* tiktaktoeTests */ = {
			isa = PBXNativeTarget;
			buildConfigurationList = 23157C032A5CC7DE00BA9C0F /* Build configuration list for PBXNativeTarget "tiktaktoeTests" */;
			buildPhases = (
				23157BE82A5CC7DE00BA9C0F /* Sources */,
				23157BE92A5CC7DE00BA9C0F /* Frameworks */,
				23157BEA2A5CC7DE00BA9C0F /* Resources */,
			);
			buildRules = (
			);
			dependencies = (
				23157BEE2A5CC7DE00BA9C0F /* PBXTargetDependency */,
			);
			name = tiktaktoeTests;
			productName = tiktaktoeTests;
			productReference = 23157BEC2A5CC7DE00BA9C0F /* tiktaktoeTests.xctest */;
			productType = "com.apple.product-type.bundle.unit-test";
		};
		23157BF52A5CC7DE00BA9C0F /* tiktaktoeUITests */ = {
			isa = PBXNativeTarget;
			buildConfigurationList = 23157C062A5CC7DE00BA9C0F /* Build configuration list for PBXNativeTarget "tiktaktoeUITests" */;
			buildPhases = (
				23157BF22A5CC7DE00BA9C0F /* Sources */,
				23157BF32A5CC7DE00BA9C0F /* Frameworks */,
				23157BF42A5CC7DE00BA9C0F /* Resources */,
			);
			buildRules = (
			);
			dependencies = (
				23157BF82A5CC7DE00BA9C0F /* PBXTargetDependency */,
			);
			name = tiktaktoeUITests;
			productName = tiktaktoeUITests;
			productReference = 23157BF62A5CC7DE00BA9C0F /* tiktaktoeUITests.xctest */;
			productType = "com.apple.product-type.bundle.ui-testing";
		};
/* End PBXNativeTarget section */

/* Begin PBXProject section */
		23157BD42A5CC7DB00BA9C0F /* Project object */ = {
			isa = PBXProject;
			attributes = {
				BuildIndependentTargetsInParallel = 1;
				LastSwiftUpdateCheck = 1430;
				LastUpgradeCheck = 1430;
				TargetAttributes = {
					23157BDB2A5CC7DB00BA9C0F = {
						CreatedOnToolsVersion = 14.3.1;
					};
					23157BEB2A5CC7DE00BA9C0F = {
						CreatedOnToolsVersion = 14.3.1;
						TestTargetID = 23157BDB2A5CC7DB00BA9C0F;
					};
					23157BF52A5CC7DE00BA9C0F = {
						CreatedOnToolsVersion = 14.3.1;
						TestTargetID = 23157BDB2A5CC7DB00BA9C0F;
					};
				};
			};
			buildConfigurationList = 23157BD72A5CC7DB00BA9C0F /* Build configuration list for PBXProject "tiktaktoe" */;
			compatibilityVersion = "Xcode 14.0";
			developmentRegion = en;
			hasScannedForEncodings = 0;
			knownRegions = (
				en,
				Base,
			);
			mainGroup = 23157BD32A5CC7DB00BA9C0F;
			productRefGroup = 23157BDD2A5CC7DB00BA9C0F /* Products */;
			projectDirPath = "";
			projectRoot = "";
			targets = (
				23157BDB2A5CC7DB00BA9C0F /* tiktaktoe */,
				23157BEB2A5CC7DE00BA9C0F /* tiktaktoeTests */,
				23157BF52A5CC7DE00BA9C0F /* tiktaktoeUITests */,
			);
		};
/* End PBXProject section */

/* Begin PBXResourcesBuildPhase section */
		23157BDA2A5CC7DB00BA9C0F /* Resources */ = {
			isa = PBXResourcesBuildPhase;
			buildActionMask = 2147483647;
			files = (
				23157C0C2A5CCD3D00BA9C0F /* Launch Screen.storyboard in Resources */,
				23157BE72A5CC7DD00BA9C0F /* Preview Assets.xcassets in Resources */,
				23157BE42A5CC7DD00BA9C0F /* Assets.xcassets in Resources */,
			);
			runOnlyForDeploymentPostprocessing = 0;
		};
		23157BEA2A5CC7DE00BA9C0F /* Resources */ = {
			isa = PBXResourcesBuildPhase;
			buildActionMask = 2147483647;
			files = (
			);
			runOnlyForDeploymentPostprocessing = 0;
		};
		23157BF42A5CC7DE00BA9C0F /* Resources */ = {
			isa = PBXResourcesBuildPhase;
			buildActionMask = 2147483647;
			files = (
			);
			runOnlyForDeploymentPostprocessing = 0;
		};
/* End PBXResourcesBuildPhase section */

/* Begin PBXSourcesBuildPhase section */
		23157BD82A5CC7DB00BA9C0F /* Sources */ = {
			isa = PBXSourcesBuildPhase;
			buildActionMask = 2147483647;
			files = (
				23157C142A5CDDAF00BA9C0F /* GamePantalla.swift in Sources */,
				23157BE22A5CC7DB00BA9C0F /* JuegoView.swift in Sources */,
				23157C162A5D0CE000BA9C0F /* GameService.swift in Sources */,
				23157BE02A5CC7DB00BA9C0F /* tiktaktoeApp.swift in Sources */,
				23157C1A2A5E1D2000BA9C0F /* SquareView.swift in Sources */,
				23157C182A5E1A4300BA9C0F /* GameSquare.swift in Sources */,
				23157C0F2A5CD19A00BA9C0F /* GameModel.swift in Sources */,
			);
			runOnlyForDeploymentPostprocessing = 0;
		};
		23157BE82A5CC7DE00BA9C0F /* Sources */ = {
			isa = PBXSourcesBuildPhase;
			buildActionMask = 2147483647;
			files = (
				23157BF12A5CC7DE00BA9C0F /* tiktaktoeTests.swift in Sources */,
			);
			runOnlyForDeploymentPostprocessing = 0;
		};
		23157BF22A5CC7DE00BA9C0F /* Sources */ = {
			isa = PBXSourcesBuildPhase;
			buildActionMask = 2147483647;
			files = (
				23157BFB2A5CC7DE00BA9C0F /* tiktaktoeUITests.swift in Sources */,
				23157BFD2A5CC7DE00BA9C0F /* tiktaktoeUITestsLaunchTests.swift in Sources */,
			);
			runOnlyForDeploymentPostprocessing = 0;
		};
/* End PBXSourcesBuildPhase section */

/* Begin PBXTargetDependency section */
		23157BEE2A5CC7DE00BA9C0F /* PBXTargetDependency */ = {
			isa = PBXTargetDependency;
			target = 23157BDB2A5CC7DB00BA9C0F /* tiktaktoe */;
			targetProxy = 23157BED2A5CC7DE00BA9C0F /* PBXContainerItemProxy */;
		};
		23157BF82A5CC7DE00BA9C0F /* PBXTargetDependency */ = {
			isa = PBXTargetDependency;
			target = 23157BDB2A5CC7DB00BA9C0F /* tiktaktoe */;
			targetProxy = 23157BF72A5CC7DE00BA9C0F /* PBXContainerItemProxy */;
		};
/* End PBXTargetDependency section */

/* Begin XCBuildConfiguration section */
		23157BFE2A5CC7DE00BA9C0F /* Debug */ = {
			isa = XCBuildConfiguration;
			buildSettings = {
				ALWAYS_SEARCH_USER_PATHS = NO;
				CLANG_ANALYZER_NONNULL = YES;
				CLANG_ANALYZER_NUMBER_OBJECT_CONVERSION = YES_AGGRESSIVE;
				CLANG_CXX_LANGUAGE_STANDARD = "gnu++20";
				CLANG_ENABLE_MODULES = YES;
				CLANG_ENABLE_OBJC_ARC = YES;
				CLANG_ENABLE_OBJC_WEAK = YES;
				CLANG_WARN_BLOCK_CAPTURE_AUTORELEASING = YES;
				CLANG_WARN_BOOL_CONVERSION = YES;
				CLANG_WARN_COMMA = YES;
				CLANG_WARN_CONSTANT_CONVERSION = YES;
				CLANG_WARN_DEPRECATED_OBJC_IMPLEMENTATIONS = YES;
				CLANG_WARN_DIRECT_OBJC_ISA_USAGE = YES_ERROR;
				CLANG_WARN_DOCUMENTATION_COMMENTS = YES;
				CLANG_WARN_EMPTY_BODY = YES;
				CLANG_WARN_ENUM_CONVERSION = YES;
				CLANG_WARN_INFINITE_RECURSION = YES;
				CLANG_WARN_INT_CONVERSION = YES;
				CLANG_WARN_NON_LITERAL_NULL_CONVERSION = YES;
				CLANG_WARN_OBJC_IMPLICIT_RETAIN_SELF = YES;
				CLANG_WARN_OBJC_LITERAL_CONVERSION = YES;
				CLANG_WARN_OBJC_ROOT_CLASS = YES_ERROR;
				CLANG_WARN_QUOTED_INCLUDE_IN_FRAMEWORK_HEADER = YES;
				CLANG_WARN_RANGE_LOOP_ANALYSIS = YES;
				CLANG_WARN_STRICT_PROTOTYPES = YES;
				CLANG_WARN_SUSPICIOUS_MOVE = YES;
				CLANG_WARN_UNGUARDED_AVAILABILITY = YES_AGGRESSIVE;
				CLANG_WARN_UNREACHABLE_CODE = YES;
				CLANG_WARN__DUPLICATE_METHOD_MATCH = YES;
				COPY_PHASE_STRIP = NO;
				DEBUG_INFORMATION_FORMAT = dwarf;
				ENABLE_STRICT_OBJC_MSGSEND = YES;
				ENABLE_TESTABILITY = YES;
				GCC_C_LANGUAGE_STANDARD = gnu11;
				GCC_DYNAMIC_NO_PIC = NO;
				GCC_NO_COMMON_BLOCKS = YES;
				GCC_OPTIMIZATION_LEVEL = 0;
				GCC_PREPROCESSOR_DEFINITIONS = (
					"DEBUG=1",
					"$(inherited)",
				);
				GCC_WARN_64_TO_32_BIT_CONVERSION = YES;
				GCC_WARN_ABOUT_RETURN_TYPE = YES_ERROR;
				GCC_WARN_UNDECLARED_SELECTOR = YES;
				GCC_WARN_UNINITIALIZED_AUTOS = YES_AGGRESSIVE;
				GCC_WARN_UNUSED_FUNCTION = YES;
				GCC_WARN_UNUSED_VARIABLE = YES;
				IPHONEOS_DEPLOYMENT_TARGET = 16.4;
				MTL_ENABLE_DEBUG_INFO = INCLUDE_SOURCE;
				MTL_FAST_MATH = YES;
				ONLY_ACTIVE_ARCH = YES;
				SDKROOT = iphoneos;
				SWIFT_ACTIVE_COMPILATION_CONDITIONS = DEBUG;
				SWIFT_OPTIMIZATION_LEVEL = "-Onone";
			};
			name = Debug;
		};
		23157BFF2A5CC7DE00BA9C0F /* Release */ = {
			isa = XCBuildConfiguration;
			buildSettings = {
				ALWAYS_SEARCH_USER_PATHS = NO;
				CLANG_ANALYZER_NONNULL = YES;
				CLANG_ANALYZER_NUMBER_OBJECT_CONVERSION = YES_AGGRESSIVE;
				CLANG_CXX_LANGUAGE_STANDARD = "gnu++20";
				CLANG_ENABLE_MODULES = YES;
				CLANG_ENABLE_OBJC_ARC = YES;
				CLANG_ENABLE_OBJC_WEAK = YES;
				CLANG_WARN_BLOCK_CAPTURE_AUTORELEASING = YES;
				CLANG_WARN_BOOL_CONVERSION = YES;
				CLANG_WARN_COMMA = YES;
				CLANG_WARN_CONSTANT_CONVERSION = YES;
				CLANG_WARN_DEPRECATED_OBJC_IMPLEMENTATIONS = YES;
				CLANG_WARN_DIRECT_OBJC_ISA_USAGE = YES_ERROR;
				CLANG_WARN_DOCUMENTATION_COMMENTS = YES;
				CLANG_WARN_EMPTY_BODY = YES;
				CLANG_WARN_ENUM_CONVERSION = YES;
				CLANG_WARN_INFINITE_RECURSION = YES;
				CLANG_WARN_INT_CONVERSION = YES;
				CLANG_WARN_NON_LITERAL_NULL_CONVERSION = YES;
				CLANG_WARN_OBJC_IMPLICIT_RETAIN_SELF = YES;
				CLANG_WARN_OBJC_LITERAL_CONVERSION = YES;
				CLANG_WARN_OBJC_ROOT_CLASS = YES_ERROR;
				CLANG_WARN_QUOTED_INCLUDE_IN_FRAMEWORK_HEADER = YES;
				CLANG_WARN_RANGE_LOOP_ANALYSIS = YES;
				CLANG_WARN_STRICT_PROTOTYPES = YES;
				CLANG_WARN_SUSPICIOUS_MOVE = YES;
				CLANG_WARN_UNGUARDED_AVAILABILITY = YES_AGGRESSIVE;
				CLANG_WARN_UNREACHABLE_CODE = YES;
				CLANG_WARN__DUPLICATE_METHOD_MATCH = YES;
				COPY_PHASE_STRIP = NO;
				DEBUG_INFORMATION_FORMAT = "dwarf-with-dsym";
				ENABLE_NS_ASSERTIONS = NO;
				ENABLE_STRICT_OBJC_MSGSEND = YES;
				GCC_C_LANGUAGE_STANDARD = gnu11;
				GCC_NO_COMMON_BLOCKS = YES;
				GCC_WARN_64_TO_32_BIT_CONVERSION = YES;
				GCC_WARN_ABOUT_RETURN_TYPE = YES_ERROR;
				GCC_WARN_UNDECLARED_SELECTOR = YES;
				GCC_WARN_UNINITIALIZED_AUTOS = YES_AGGRESSIVE;
				GCC_WARN_UNUSED_FUNCTION = YES;
				GCC_WARN_UNUSED_VARIABLE = YES;
				IPHONEOS_DEPLOYMENT_TARGET = 16.4;
				MTL_ENABLE_DEBUG_INFO = NO;
				MTL_FAST_MATH = YES;
				SDKROOT = iphoneos;
				SWIFT_COMPILATION_MODE = wholemodule;
				SWIFT_OPTIMIZATION_LEVEL = "-O";
				VALIDATE_PRODUCT = YES;
			};
			name = Release;
		};
		23157C012A5CC7DE00BA9C0F /* Debug */ = {
			isa = XCBuildConfiguration;
			buildSettings = {
				ASSETCATALOG_COMPILER_APPICON_NAME = AppIcon;
				ASSETCATALOG_COMPILER_GLOBAL_ACCENT_COLOR_NAME = AccentColor;
				CODE_SIGN_STYLE = Automatic;
				CURRENT_PROJECT_VERSION = 1;
				DEVELOPMENT_ASSET_PATHS = "\"tiktaktoe/Preview Content\"";
				ENABLE_PREVIEWS = YES;
				GENERATE_INFOPLIST_FILE = YES;
				INFOPLIST_KEY_UIApplicationSceneManifest_Generation = YES;
				INFOPLIST_KEY_UIApplicationSupportsIndirectInputEvents = YES;
				INFOPLIST_KEY_UILaunchScreen_Generation = YES;
				INFOPLIST_KEY_UILaunchStoryboardName = "Launch Screen.storyboard";
				INFOPLIST_KEY_UISupportedInterfaceOrientations_iPad = "UIInterfaceOrientationPortrait UIInterfaceOrientationPortraitUpsideDown UIInterfaceOrientationLandscapeLeft UIInterfaceOrientationLandscapeRight";
				INFOPLIST_KEY_UISupportedInterfaceOrientations_iPhone = "UIInterfaceOrientationPortrait UIInterfaceOrientationLandscapeLeft UIInterfaceOrientationLandscapeRight";
				LD_RUNPATH_SEARCH_PATHS = (
					"$(inherited)",
					"@executable_path/Frameworks",
				);
				MARKETING_VERSION = 1.0;
				PRODUCT_BUNDLE_IDENTIFIER = none.tiktaktoe;
				PRODUCT_NAME = "$(TARGET_NAME)";
				SWIFT_EMIT_LOC_STRINGS = YES;
				SWIFT_VERSION = 5.0;
				TARGETED_DEVICE_FAMILY = "1,2";
			};
			name = Debug;
		};
		23157C022A5CC7DE00BA9C0F /* Release */ = {
			isa = XCBuildConfiguration;
			buildSettings = {
				ASSETCATALOG_COMPILER_APPICON_NAME = AppIcon;
				ASSETCATALOG_COMPILER_GLOBAL_ACCENT_COLOR_NAME = AccentColor;
				CODE_SIGN_STYLE = Automatic;
				CURRENT_PROJECT_VERSION = 1;
				DEVELOPMENT_ASSET_PATHS = "\"tiktaktoe/Preview Content\"";
				ENABLE_PREVIEWS = YES;
				GENERATE_INFOPLIST_FILE = YES;
				INFOPLIST_KEY_UIApplicationSceneManifest_Generation = YES;
				INFOPLIST_KEY_UIApplicationSupportsIndirectInputEvents = YES;
				INFOPLIST_KEY_UILaunchScreen_Generation = YES;
				INFOPLIST_KEY_UILaunchStoryboardName = "Launch Screen.storyboard";
				INFOPLIST_KEY_UISupportedInterfaceOrientations_iPad = "UIInterfaceOrientationPortrait UIInterfaceOrientationPortraitUpsideDown UIInterfaceOrientationLandscapeLeft UIInterfaceOrientationLandscapeRight";
				INFOPLIST_KEY_UISupportedInterfaceOrientations_iPhone = "UIInterfaceOrientationPortrait UIInterfaceOrientationLandscapeLeft UIInterfaceOrientationLandscapeRight";
				LD_RUNPATH_SEARCH_PATHS = (
					"$(inherited)",
					"@executable_path/Frameworks",
				);
				MARKETING_VERSION = 1.0;
				PRODUCT_BUNDLE_IDENTIFIER = none.tiktaktoe;
				PRODUCT_NAME = "$(TARGET_NAME)";
				SWIFT_EMIT_LOC_STRINGS = YES;
				SWIFT_VERSION = 5.0;
				TARGETED_DEVICE_FAMILY = "1,2";
			};
			name = Release;
		};
		23157C042A5CC7DE00BA9C0F /* Debug */ = {
			isa = XCBuildConfiguration;
			buildSettings = {
				ALWAYS_EMBED_SWIFT_STANDARD_LIBRARIES = YES;
				BUNDLE_LOADER = "$(TEST_HOST)";
				CODE_SIGN_STYLE = Automatic;
				CURRENT_PROJECT_VERSION = 1;
				GENERATE_INFOPLIST_FILE = YES;
				IPHONEOS_DEPLOYMENT_TARGET = 16.4;
				MARKETING_VERSION = 1.0;
				PRODUCT_BUNDLE_IDENTIFIER = none.tiktaktoeTests;
				PRODUCT_NAME = "$(TARGET_NAME)";
				SWIFT_EMIT_LOC_STRINGS = NO;
				SWIFT_VERSION = 5.0;
				TARGETED_DEVICE_FAMILY = "1,2";
				TEST_HOST = "$(BUILT_PRODUCTS_DIR)/tiktaktoe.app/$(BUNDLE_EXECUTABLE_FOLDER_PATH)/tiktaktoe";
			};
			name = Debug;
		};
		23157C052A5CC7DE00BA9C0F /* Release */ = {
			isa = XCBuildConfiguration;
			buildSettings = {
				ALWAYS_EMBED_SWIFT_STANDARD_LIBRARIES = YES;
				BUNDLE_LOADER = "$(TEST_HOST)";
				CODE_SIGN_STYLE = Automatic;
				CURRENT_PROJECT_VERSION = 1;
				GENERATE_INFOPLIST_FILE = YES;
				IPHONEOS_DEPLOYMENT_TARGET = 16.4;
				MARKETING_VERSION = 1.0;
				PRODUCT_BUNDLE_IDENTIFIER = none.tiktaktoeTests;
				PRODUCT_NAME = "$(TARGET_NAME)";
				SWIFT_EMIT_LOC_STRINGS = NO;
				SWIFT_VERSION = 5.0;
				TARGETED_DEVICE_FAMILY = "1,2";
				TEST_HOST = "$(BUILT_PRODUCTS_DIR)/tiktaktoe.app/$(BUNDLE_EXECUTABLE_FOLDER_PATH)/tiktaktoe";
			};
			name = Release;
		};
		23157C072A5CC7DE00BA9C0F /* Debug */ = {
			isa = XCBuildConfiguration;
			buildSettings = {
				ALWAYS_EMBED_SWIFT_STANDARD_LIBRARIES = YES;
				CODE_SIGN_STYLE = Automatic;
				CURRENT_PROJECT_VERSION = 1;
				GENERATE_INFOPLIST_FILE = YES;
				MARKETING_VERSION = 1.0;
				PRODUCT_BUNDLE_IDENTIFIER = none.tiktaktoeUITests;
				PRODUCT_NAME = "$(TARGET_NAME)";
				SWIFT_EMIT_LOC_STRINGS = NO;
				SWIFT_VERSION = 5.0;
				TARGETED_DEVICE_FAMILY = "1,2";
				TEST_TARGET_NAME = tiktaktoe;
			};
			name = Debug;
		};
		23157C082A5CC7DE00BA9C0F /* Release */ = {
			isa = XCBuildConfiguration;
			buildSettings = {
				ALWAYS_EMBED_SWIFT_STANDARD_LIBRARIES = YES;
				CODE_SIGN_STYLE = Automatic;
				CURRENT_PROJECT_VERSION = 1;
				GENERATE_INFOPLIST_FILE = YES;
				MARKETING_VERSION = 1.0;
				PRODUCT_BUNDLE_IDENTIFIER = none.tiktaktoeUITests;
				PRODUCT_NAME = "$(TARGET_NAME)";
				SWIFT_EMIT_LOC_STRINGS = NO;
				SWIFT_VERSION = 5.0;
				TARGETED_DEVICE_FAMILY = "1,2";
				TEST_TARGET_NAME = tiktaktoe;
			};
			name = Release;
		};
/* End XCBuildConfiguration section */

/* Begin XCConfigurationList section */
		23157BD72A5CC7DB00BA9C0F /* Build configuration list for PBXProject "tiktaktoe" */ = {
			isa = XCConfigurationList;
			buildConfigurations = (
				23157BFE2A5CC7DE00BA9C0F /* Debug */,
				23157BFF2A5CC7DE00BA9C0F /* Release */,
			);
			defaultConfigurationIsVisible = 0;
			defaultConfigurationName = Release;
		};
		23157C002A5CC7DE00BA9C0F /* Build configuration list for PBXNativeTarget "tiktaktoe" */ = {
			isa = XCConfigurationList;
			buildConfigurations = (
				23157C012A5CC7DE00BA9C0F /* Debug */,
				23157C022A5CC7DE00BA9C0F /* Release */,
			);
			defaultConfigurationIsVisible = 0;
			defaultConfigurationName = Release;
		};
		23157C032A5CC7DE00BA9C0F /* Build configuration list for PBXNativeTarget "tiktaktoeTests" */ = {
			isa = XCConfigurationList;
			buildConfigurations = (
				23157C042A5CC7DE00BA9C0F /* Debug */,
				23157C052A5CC7DE00BA9C0F /* Release */,
			);
			defaultConfigurationIsVisible = 0;
			defaultConfigurationName = Release;
		};
		23157C062A5CC7DE00BA9C0F /* Build configuration list for PBXNativeTarget "tiktaktoeUITests" */ = {
			isa = XCConfigurationList;
			buildConfigurations = (
				23157C072A5CC7DE00BA9C0F /* Debug */,
				23157C082A5CC7DE00BA9C0F /* Release */,
			);
			defaultConfigurationIsVisible = 0;
			defaultConfigurationName = Release;
		};
/* End XCConfigurationList section */
	};
	rootObject = 23157BD42A5CC7DB00BA9C0F /* Project object */;
}
